
Microsoft Visual Studio Solution File, Format Version 12.00
# Visual Studio 15
VisualStudioVersion = 15.0.28307.757
MinimumVisualStudioVersion = 10.0.40219.1
Project("{FAE04EC0-301F-11D3-BF4B-00C04F79EFBC}") = "ProcessManager.BL", "ProcessManager.BL\ProcessManager.BL.csproj", "{72096CF4-E2DE-4ACE-B91C-39C1E2A2C1C5}"
EndProject
Project("{FAE04EC0-301F-11D3-BF4B-00C04F79EFBC}") = "ProcessManager.CMD", "ProcessManager.CMD\ProcessManager.CMD.csproj", "{436C705D-19A7-440E-B9F2-ED4437200EF4}"
EndProject
Global
	GlobalSection(SolutionConfigurationPlatforms) = preSolution
		Debug|Any CPU = Debug|Any CPU
		Release|Any CPU = Release|Any CPU
	EndGlobalSection
	GlobalSection(ProjectConfigurationPlatforms) = postSolution
		{72096CF4-E2DE-4ACE-B91C-39C1E2A2C1C5}.Debug|Any CPU.ActiveCfg = Debug|Any CPU
		{72096CF4-E2DE-4ACE-B91C-39C1E2A2C1C5}.Debug|Any CPU.Build.0 = Debug|Any CPU
		{72096CF4-E2DE-4ACE-B91C-39C1E2A2C1C5}.Release|Any CPU.ActiveCfg = Release|Any CPU
		{72096CF4-E2DE-4ACE-B91C-39C1E2A2C1C5}.Release|Any CPU.Build.0 = Release|Any CPU
		{436C705D-19A7-440E-B9F2-ED4437200EF4}.Debug|Any CPU.ActiveCfg = Debug|Any CPU
		{436C705D-19A7-440E-B9F2-ED4437200EF4}.Debug|Any CPU.Build.0 = Debug|Any CPU
		{436C705D-19A7-440E-B9F2-ED4437200EF4}.Release|Any CPU.ActiveCfg = Release|Any CPU
		{436C705D-19A7-440E-B9F2-ED4437200EF4}.Release|Any CPU.Build.0 = Release|Any CPU
	EndGlobalSection
	GlobalSection(SolutionProperties) = preSolution
		HideSolutionNode = FALSE
	EndGlobalSection
	GlobalSection(ExtensibilityGlobals) = postSolution
		SolutionGuid = {DCF5C845-2D91-40CB-AB1A-24059E4BB4EE}
	EndGlobalSection
EndGlobal
